# This file is automatically @generated by Cargo.
# It is not intended for manual editing.
version = 3

[[package]]
name = "ferro_rt"
version = "0.1.0"

[[package]]
name = "trust_codegen"
version = "0.1.0"
dependencies = [
 "trust_error",
 "trust_tir",
]

[[package]]
name = "trust_error"
version = "0.1.0"

[[package]]
name = "trust_hir"
version = "0.1.0"
dependencies = [
 "trust_error",
 "trust_parser",
]

[[package]]
name = "trust_parser"
version = "0.1.0"
dependencies = [
 "trust_error",
]

[[package]]
name = "trust_tir"
version = "0.1.0"
dependencies = [
 "trust_error",
 "trust_hir",
]

[[package]]
name = "trustc"
version = "0.1.0"
dependencies = [
 "trust_codegen",
 "trust_error",
 "trust_hir",
 "trust_parser",
 "trust_tir",
]
